
Microsoft Visual Studio Solution File, Format Version 12.00
# Visual Studio Version 17
VisualStudioVersion = 17.2.32630.192
MinimumVisualStudioVersion = 10.0.40219.1
Project("{888888A0-9F3D-457C-B088-3A5042F75D52}") = "Masterarbeit", "Masterarbeit\Masterarbeit.pyproj", "{A05C16F9-59B3-4511-B5C4-063108B0E5CF}"
EndProject
Global
	GlobalSection(SolutionConfigurationPlatforms) = preSolution
		Debug|Any CPU = Debug|Any CPU
		Release|Any CPU = Release|Any CPU
	EndGlobalSection
	GlobalSection(ProjectConfigurationPlatforms) = postSolution
		{A05C16F9-59B3-4511-B5C4-063108B0E5CF}.Debug|Any CPU.ActiveCfg = Debug|Any CPU
		{A05C16F9-59B3-4511-B5C4-063108B0E5CF}.Release|Any CPU.ActiveCfg = Release|Any CPU
	EndGlobalSection
	GlobalSection(SolutionProperties) = preSolution
		HideSolutionNode = FALSE
	EndGlobalSection
	GlobalSection(ExtensibilityGlobals) = postSolution
		SolutionGuid = {56D477D4-F93C-4908-ACDE-817A80C250D2}
	EndGlobalSection
EndGlobal
